
Microsoft Visual Studio Solution File, Format Version 12.00
# Visual Studio Version 17
VisualStudioVersion = 17.1.32319.34
MinimumVisualStudioVersion = 10.0.40219.1
Project("{FAE04EC0-301F-11D3-BF4B-00C04F79EFBC}") = "client", "client\client.csproj", "{1C496A17-EE4D-459D-B10D-C1531A865AD6}"
EndProject
Project("{2150E333-8FDC-42A3-9474-1A3956D46DE8}") = "Solution Items", "Solution Items", "{292B9980-3F57-4BA5-A4E7-39A9511365BF}"
	ProjectSection(SolutionItems) = preProject
		..\..\..\Downloads\Button_WOC.cs = ..\..\..\Downloads\Button_WOC.cs
	EndProjectSection
EndProject
Project("{FAE04EC0-301F-11D3-BF4B-00C04F79EFBC}") = "Connect4Server", "..\Connect4Server\Connect4Server\Connect4Server.csproj", "{446B60A6-D0F7-4A4A-B3B7-1EED568031CC}"
EndProject
Global
	GlobalSection(SolutionConfigurationPlatforms) = preSolution
		Debug|Any CPU = Debug|Any CPU
		Release|Any CPU = Release|Any CPU
	EndGlobalSection
	GlobalSection(ProjectConfigurationPlatforms) = postSolution
		{1C496A17-EE4D-459D-B10D-C1531A865AD6}.Debug|Any CPU.ActiveCfg = Debug|Any CPU
		{1C496A17-EE4D-459D-B10D-C1531A865AD6}.Debug|Any CPU.Build.0 = Debug|Any CPU
		{1C496A17-EE4D-459D-B10D-C1531A865AD6}.Release|Any CPU.ActiveCfg = Release|Any CPU
		{1C496A17-EE4D-459D-B10D-C1531A865AD6}.Release|Any CPU.Build.0 = Release|Any CPU
		{446B60A6-D0F7-4A4A-B3B7-1EED568031CC}.Debug|Any CPU.ActiveCfg = Debug|Any CPU
		{446B60A6-D0F7-4A4A-B3B7-1EED568031CC}.Debug|Any CPU.Build.0 = Debug|Any CPU
		{446B60A6-D0F7-4A4A-B3B7-1EED568031CC}.Release|Any CPU.ActiveCfg = Release|Any CPU
		{446B60A6-D0F7-4A4A-B3B7-1EED568031CC}.Release|Any CPU.Build.0 = Release|Any CPU
	EndGlobalSection
	GlobalSection(SolutionProperties) = preSolution
		HideSolutionNode = FALSE
	EndGlobalSection
	GlobalSection(ExtensibilityGlobals) = postSolution
		SolutionGuid = {A5DAF8B8-937E-494C-9538-7B882CF22A74}
	EndGlobalSection
EndGlobal
